{
  "requires": true,
  "lockfileVersion": 1,
  "dependencies": {
    "42norminette": {
      "version": "1.0.2",
      "resolved": "https://registry.npmjs.org/42norminette/-/42norminette-1.0.2.tgz",
      "integrity": "sha512-CVLPGf9hkhtsj2yrhoXJsRXG8KLeejwXw52D4DXX8bNVanwxBsSSlJ8hKFORcWlpU039l3fyayt3uGuqZa4INw=="
    }
  }
}
